Microsoft Visual Studio Solution File, Format Version 11.00
# Visual Studio 2008

Project("{E28F6655-486D-B9F6-6529-92E8186B294F}") = "LudumDare_OneRoom", "Assembly-CSharp.csproj", "{1F3EE091-475C-B318-4301-679ED036D65F}"
EndProject
Global
	GlobalSection(SolutionConfigurationPlatforms) = preSolution
		Debug|Any CPU = Debug|Any CPU
		Release|Any CPU = Release|Any CPU
	EndGlobalSection
	GlobalSection(ProjectConfigurationPlatforms) = postSolution
		{1F3EE091-475C-B318-4301-679ED036D65F}.Debug|Any CPU.ActiveCfg = Debug|Any CPU
		{1F3EE091-475C-B318-4301-679ED036D65F}.Debug|Any CPU.Build.0 = Debug|Any CPU
		{1F3EE091-475C-B318-4301-679ED036D65F}.Release|Any CPU.ActiveCfg = Release|Any CPU
		{1F3EE091-475C-B318-4301-679ED036D65F}.Release|Any CPU.Build.0 = Release|Any CPU
	EndGlobalSection
	GlobalSection(SolutionProperties) = preSolution
		HideSolutionNode = FALSE
	EndGlobalSection
	GlobalSection(MonoDevelopProperties) = preSolution
		StartupItem = Assembly-CSharp.csproj
	EndGlobalSection
EndGlobal
