
Microsoft Visual Studio Solution File, Format Version 12.00
# Visual Studio 2015
Project("{FAE04EC0-301F-11D3-BF4B-00C04F79EFBC}") = "LudumDare_OneRoom", "LudumDare_OneRoom.csproj", "{B1F18688-B2AC-33B1-2D02-807921B7EB67}"
EndProject
Global
	GlobalSection(SolutionConfigurationPlatforms) = preSolution
		Debug|Any CPU = Debug|Any CPU
		Release|Any CPU = Release|Any CPU
	EndGlobalSection
	GlobalSection(ProjectConfigurationPlatforms) = postSolution
		{B1F18688-B2AC-33B1-2D02-807921B7EB67}.Debug|Any CPU.ActiveCfg = Debug|Any CPU
		{B1F18688-B2AC-33B1-2D02-807921B7EB67}.Debug|Any CPU.Build.0 = Debug|Any CPU
		{B1F18688-B2AC-33B1-2D02-807921B7EB67}.Release|Any CPU.ActiveCfg = Release|Any CPU
		{B1F18688-B2AC-33B1-2D02-807921B7EB67}.Release|Any CPU.Build.0 = Release|Any CPU
	EndGlobalSection
	GlobalSection(SolutionProperties) = preSolution
		HideSolutionNode = FALSE
	EndGlobalSection
EndGlobal
